Microsoft Visual Studio Solution File, Format Version 11.00
# Visual Studio 2008

Project("{D7A4E01B-5D86-EE69-CBCB-01D9F873D630}") = "GoTurtleGo", "Assembly-CSharp.csproj", "{23889598-4C33-367D-BD53-452D14AA001D}"
EndProject
Global
	GlobalSection(SolutionConfigurationPlatforms) = preSolution
		Debug|Any CPU = Debug|Any CPU
		Release|Any CPU = Release|Any CPU
	EndGlobalSection
	GlobalSection(ProjectConfigurationPlatforms) = postSolution
		{23889598-4C33-367D-BD53-452D14AA001D}.Debug|Any CPU.ActiveCfg = Debug|Any CPU
		{23889598-4C33-367D-BD53-452D14AA001D}.Debug|Any CPU.Build.0 = Debug|Any CPU
		{23889598-4C33-367D-BD53-452D14AA001D}.Release|Any CPU.ActiveCfg = Release|Any CPU
		{23889598-4C33-367D-BD53-452D14AA001D}.Release|Any CPU.Build.0 = Release|Any CPU
	EndGlobalSection
	GlobalSection(SolutionProperties) = preSolution
		HideSolutionNode = FALSE
	EndGlobalSection
	GlobalSection(MonoDevelopProperties) = preSolution
		StartupItem = Assembly-CSharp.csproj
	EndGlobalSection
EndGlobal
